// !$*UTF8*$!
{
	archiveVersion = 1;
	classes = {
	};
	objectVersion = 51;
	objects = {

/* Begin PBXBuildFile section */
		5A1FD714241E85F7001BE5C1 /* APIRequestProtocol.swift in Sources */ = {isa = PBXBuildFile; fileRef = 5A1FD713241E85F7001BE5C1 /* APIRequestProtocol.swift */; };
		5A1FD716241E93A2001BE5C1 /* APIRequest.swift in Sources */ = {isa = PBXBuildFile; fileRef = 5A1FD715241E93A2001BE5C1 /* APIRequest.swift */; };
		5A1FD718241E972A001BE5C1 /* APIResult.swift in Sources */ = {isa = PBXBuildFile; fileRef = 5A1FD717241E972A001BE5C1 /* APIResult.swift */; };
		5A1FD71A241E9770001BE5C1 /* APIClient.swift in Sources */ = {isa = PBXBuildFile; fileRef = 5A1FD719241E9770001BE5C1 /* APIClient.swift */; };
		5A36D7B7241E3FE300C12CC9 /* Environment.swift in Sources */ = {isa = PBXBuildFile; fileRef = 5A36D7B6241E3FE300C12CC9 /* Environment.swift */; };
		5A6EBCC6242513EA00095054 /* RubyTranslatorTests.swift in Sources */ = {isa = PBXBuildFile; fileRef = 5A6EBCC5242513EA00095054 /* RubyTranslatorTests.swift */; };
		5A849AD5242680B700D78E28 /* R.generated.swift in Sources */ = {isa = PBXBuildFile; fileRef = 5A849AD4242680B700D78E28 /* R.generated.swift */; };
		5A849AD72426847300D78E28 /* Localizable.strings in Resources */ = {isa = PBXBuildFile; fileRef = 5A849AD62426847300D78E28 /* Localizable.strings */; };
		5A9C33DB242517FB007A05D2 /* TestUtil.swift in Sources */ = {isa = PBXBuildFile; fileRef = 5A9C33DA242517FB007A05D2 /* TestUtil.swift */; };
		5A9C33DE2425185F007A05D2 /* Normal.json in Resources */ = {isa = PBXBuildFile; fileRef = 5A9C33DD2425185F007A05D2 /* Normal.json */; };
		5A9C33E02425188C007A05D2 /* Error.json in Resources */ = {isa = PBXBuildFile; fileRef = 5A9C33DF2425188C007A05D2 /* Error.json */; };
		5A9C33E2242518F5007A05D2 /* ApiTests.swift in Sources */ = {isa = PBXBuildFile; fileRef = 5A9C33E1242518F5007A05D2 /* ApiTests.swift */; };
		5AAE8F34241F180600863028 /* OutputViewController.swift in Sources */ = {isa = PBXBuildFile; fileRef = 5AAE8F33241F180600863028 /* OutputViewController.swift */; };
		5AAE8F38241F190900863028 /* Output.storyboard in Resources */ = {isa = PBXBuildFile; fileRef = 5AAE8F37241F190900863028 /* Output.storyboard */; };
		5AC8DC22241CC59400AE1493 /* AppDelegate.swift in Sources */ = {isa = PBXBuildFile; fileRef = 5AC8DC21241CC59400AE1493 /* AppDelegate.swift */; };
		5AC8DC24241CC59400AE1493 /* SceneDelegate.swift in Sources */ = {isa = PBXBuildFile; fileRef = 5AC8DC23241CC59400AE1493 /* SceneDelegate.swift */; };
		5AC8DC26241CC59400AE1493 /* InputViewController.swift in Sources */ = {isa = PBXBuildFile; fileRef = 5AC8DC25241CC59400AE1493 /* InputViewController.swift */; };
		5AC8DC29241CC59400AE1493 /* Input.storyboard in Resources */ = {isa = PBXBuildFile; fileRef = 5AC8DC27241CC59400AE1493 /* Input.storyboard */; };
		5AC8DC2B241CC59500AE1493 /* Assets.xcassets in Resources */ = {isa = PBXBuildFile; fileRef = 5AC8DC2A241CC59500AE1493 /* Assets.xcassets */; };
		5AC8DC2E241CC59500AE1493 /* LaunchScreen.storyboard in Resources */ = {isa = PBXBuildFile; fileRef = 5AC8DC2C241CC59500AE1493 /* LaunchScreen.storyboard */; };
		5AFC2EF12423EF4500586C70 /* PlaceHolderTextView.swift in Sources */ = {isa = PBXBuildFile; fileRef = 5AFC2EF02423EF4500586C70 /* PlaceHolderTextView.swift */; };
		5AFD66DC241E1D3000E1E2AF /* InputViewModel.swift in Sources */ = {isa = PBXBuildFile; fileRef = 5AFD66DB241E1D3000E1E2AF /* InputViewModel.swift */; };
		5AFD66DF241E20F600E1E2AF /* InputModel.swift in Sources */ = {isa = PBXBuildFile; fileRef = 5AFD66DE241E20F600E1E2AF /* InputModel.swift */; };
		5AFD66E1241E210100E1E2AF /* OutputModel.swift in Sources */ = {isa = PBXBuildFile; fileRef = 5AFD66E0241E210100E1E2AF /* OutputModel.swift */; };
		5AFD66E4241E232C00E1E2AF /* APIResponse.swift in Sources */ = {isa = PBXBuildFile; fileRef = 5AFD66E3241E232C00E1E2AF /* APIResponse.swift */; };
		5AFD66E6241E25D000E1E2AF /* APIErrorModel.swift in Sources */ = {isa = PBXBuildFile; fileRef = 5AFD66E5241E25D000E1E2AF /* APIErrorModel.swift */; };
		5AFD66E9241E30E000E1E2AF /* HUD.swift in Sources */ = {isa = PBXBuildFile; fileRef = 5AFD66E8241E30E000E1E2AF /* HUD.swift */; };
		6BE1F7ABC17D594575E6B2CA /* Pods_RubyTranslator.framework in Frameworks */ = {isa = PBXBuildFile; fileRef = FB08D799CAE8B283A1B95A36 /* Pods_RubyTranslator.framework */; };
		6F11973D5FB0E1EAC650A918 /* Pods_RubyTranslatorTests.framework in Frameworks */ = {isa = PBXBuildFile; fileRef = 4B047314FEBBAA455DE7EA22 /* Pods_RubyTranslatorTests.framework */; };
/* End PBXBuildFile section */

/* Begin PBXContainerItemProxy section */
		5A6EBCC8242513EA00095054 /* PBXContainerItemProxy */ = {
			isa = PBXContainerItemProxy;
			containerPortal = 5AC8DC16241CC59400AE1493 /* Project object */;
			proxyType = 1;
			remoteGlobalIDString = 5AC8DC1D241CC59400AE1493;
			remoteInfo = RubyTranslator;
		};
/* End PBXContainerItemProxy section */

/* Begin PBXCopyFilesBuildPhase section */
		5A6B48FC241CE9C10045C690 /* Embed Frameworks */ = {
			isa = PBXCopyFilesBuildPhase;
			buildActionMask = 2147483647;
			dstPath = "";
			dstSubfolderSpec = 10;
			files = (
			);
			name = "Embed Frameworks";
			runOnlyForDeploymentPostprocessing = 0;
		};
/* End PBXCopyFilesBuildPhase section */

/* Begin PBXFileReference section */
		3747B1A66483C980459B39C6 /* Pods-RubyTranslator.debug.xcconfig */ = {isa = PBXFileReference; includeInIndex = 1; lastKnownFileType = text.xcconfig; name = "Pods-RubyTranslator.debug.xcconfig"; path = "Target Support Files/Pods-RubyTranslator/Pods-RubyTranslator.debug.xcconfig"; sourceTree = "<group>"; };
		4B047314FEBBAA455DE7EA22 /* Pods_RubyTranslatorTests.framework */ = {isa = PBXFileReference; explicitFileType = wrapper.framework; includeInIndex = 0; path = Pods_RubyTranslatorTests.framework; sourceTree = BUILT_PRODUCTS_DIR; };
		550D3689DBA98706F97C6761 /* Pods-RubyTranslator.release.xcconfig */ = {isa = PBXFileReference; includeInIndex = 1; lastKnownFileType = text.xcconfig; name = "Pods-RubyTranslator.release.xcconfig"; path = "Target Support Files/Pods-RubyTranslator/Pods-RubyTranslator.release.xcconfig"; sourceTree = "<group>"; };
		5A1FD713241E85F7001BE5C1 /* APIRequestProtocol.swift */ = {isa = PBXFileReference; lastKnownFileType = sourcecode.swift; path = APIRequestProtocol.swift; sourceTree = "<group>"; };
		5A1FD715241E93A2001BE5C1 /* APIRequest.swift */ = {isa = PBXFileReference; lastKnownFileType = sourcecode.swift; path = APIRequest.swift; sourceTree = "<group>"; };
		5A1FD717241E972A001BE5C1 /* APIResult.swift */ = {isa = PBXFileReference; lastKnownFileType = sourcecode.swift; path = APIResult.swift; sourceTree = "<group>"; };
		5A1FD719241E9770001BE5C1 /* APIClient.swift */ = {isa = PBXFileReference; lastKnownFileType = sourcecode.swift; path = APIClient.swift; sourceTree = "<group>"; };
		5A36D7B6241E3FE300C12CC9 /* Environment.swift */ = {isa = PBXFileReference; lastKnownFileType = sourcecode.swift; path = Environment.swift; sourceTree = "<group>"; };
		5A6EBCC3242513EA00095054 /* RubyTranslatorTests.xctest */ = {isa = PBXFileReference; explicitFileType = wrapper.cfbundle; includeInIndex = 0; path = RubyTranslatorTests.xctest; sourceTree = BUILT_PRODUCTS_DIR; };
		5A6EBCC5242513EA00095054 /* RubyTranslatorTests.swift */ = {isa = PBXFileReference; lastKnownFileType = sourcecode.swift; path = RubyTranslatorTests.swift; sourceTree = "<group>"; };
		5A6EBCC7242513EA00095054 /* Info.plist */ = {isa = PBXFileReference; lastKnownFileType = text.plist.xml; path = Info.plist; sourceTree = "<group>"; };
		5A849AD4242680B700D78E28 /* R.generated.swift */ = {isa = PBXFileReference; fileEncoding = 4; lastKnownFileType = sourcecode.swift; path = R.generated.swift; sourceTree = "<group>"; };
		5A849AD62426847300D78E28 /* Localizable.strings */ = {isa = PBXFileReference; lastKnownFileType = text.plist.strings; path = Localizable.strings; sourceTree = "<group>"; };
		5A9C33DA242517FB007A05D2 /* TestUtil.swift */ = {isa = PBXFileReference; lastKnownFileType = sourcecode.swift; path = TestUtil.swift; sourceTree = "<group>"; };
		5A9C33DD2425185F007A05D2 /* Normal.json */ = {isa = PBXFileReference; lastKnownFileType = text.json; path = Normal.json; sourceTree = "<group>"; };
		5A9C33DF2425188C007A05D2 /* Error.json */ = {isa = PBXFileReference; lastKnownFileType = text.json; path = Error.json; sourceTree = "<group>"; };
		5A9C33E1242518F5007A05D2 /* ApiTests.swift */ = {isa = PBXFileReference; lastKnownFileType = sourcecode.swift; path = ApiTests.swift; sourceTree = "<group>"; };
		5AAE8F33241F180600863028 /* OutputViewController.swift */ = {isa = PBXFileReference; lastKnownFileType = sourcecode.swift; path = OutputViewController.swift; sourceTree = "<group>"; };
		5AAE8F37241F190900863028 /* Output.storyboard */ = {isa = PBXFileReference; lastKnownFileType = file.storyboard; path = Output.storyboard; sourceTree = "<group>"; };
		5AC8DC1E241CC59400AE1493 /* RubyTranslator.app */ = {isa = PBXFileReference; explicitFileType = wrapper.application; includeInIndex = 0; path = RubyTranslator.app; sourceTree = BUILT_PRODUCTS_DIR; };
		5AC8DC21241CC59400AE1493 /* AppDelegate.swift */ = {isa = PBXFileReference; lastKnownFileType = sourcecode.swift; path = AppDelegate.swift; sourceTree = "<group>"; };
		5AC8DC23241CC59400AE1493 /* SceneDelegate.swift */ = {isa = PBXFileReference; lastKnownFileType = sourcecode.swift; path = SceneDelegate.swift; sourceTree = "<group>"; };
		5AC8DC25241CC59400AE1493 /* InputViewController.swift */ = {isa = PBXFileReference; lastKnownFileType = sourcecode.swift; path = InputViewController.swift; sourceTree = "<group>"; };
		5AC8DC28241CC59400AE1493 /* Base */ = {isa = PBXFileReference; lastKnownFileType = file.storyboard; name = Base; path = Base.lproj/Input.storyboard; sourceTree = "<group>"; };
		5AC8DC2A241CC59500AE1493 /* Assets.xcassets */ = {isa = PBXFileReference; lastKnownFileType = folder.assetcatalog; path = Assets.xcassets; sourceTree = "<group>"; };
		5AC8DC2D241CC59500AE1493 /* Base */ = {isa = PBXFileReference; lastKnownFileType = file.storyboard; name = Base; path = Base.lproj/LaunchScreen.storyboard; sourceTree = "<group>"; };
		5AC8DC2F241CC59500AE1493 /* Info.plist */ = {isa = PBXFileReference; lastKnownFileType = text.plist.xml; path = Info.plist; sourceTree = "<group>"; };
		5AFC2EF02423EF4500586C70 /* PlaceHolderTextView.swift */ = {isa = PBXFileReference; lastKnownFileType = sourcecode.swift; path = PlaceHolderTextView.swift; sourceTree = "<group>"; };
		5AFD66DB241E1D3000E1E2AF /* InputViewModel.swift */ = {isa = PBXFileReference; lastKnownFileType = sourcecode.swift; path = InputViewModel.swift; sourceTree = "<group>"; };
		5AFD66DE241E20F600E1E2AF /* InputModel.swift */ = {isa = PBXFileReference; lastKnownFileType = sourcecode.swift; path = InputModel.swift; sourceTree = "<group>"; };
		5AFD66E0241E210100E1E2AF /* OutputModel.swift */ = {isa = PBXFileReference; lastKnownFileType = sourcecode.swift; path = OutputModel.swift; sourceTree = "<group>"; };
		5AFD66E3241E232C00E1E2AF /* APIResponse.swift */ = {isa = PBXFileReference; lastKnownFileType = sourcecode.swift; path = APIResponse.swift; sourceTree = "<group>"; };
		5AFD66E5241E25D000E1E2AF /* APIErrorModel.swift */ = {isa = PBXFileReference; lastKnownFileType = sourcecode.swift; path = APIErrorModel.swift; sourceTree = "<group>"; };
		5AFD66E8241E30E000E1E2AF /* HUD.swift */ = {isa = PBXFileReference; lastKnownFileType = sourcecode.swift; path = HUD.swift; sourceTree = "<group>"; };
		81F42F1782BD9CB6B966BD5B /* Pods-RubyTranslatorTests.release.xcconfig */ = {isa = PBXFileReference; includeInIndex = 1; lastKnownFileType = text.xcconfig; name = "Pods-RubyTranslatorTests.release.xcconfig"; path = "Target Support Files/Pods-RubyTranslatorTests/Pods-RubyTranslatorTests.release.xcconfig"; sourceTree = "<group>"; };
		93F6CD33F334FA6C21ABBD91 /* Pods-RubyTranslatorTests.debug.xcconfig */ = {isa = PBXFileReference; includeInIndex = 1; lastKnownFileType = text.xcconfig; name = "Pods-RubyTranslatorTests.debug.xcconfig"; path = "Target Support Files/Pods-RubyTranslatorTests/Pods-RubyTranslatorTests.debug.xcconfig"; sourceTree = "<group>"; };
		FB08D799CAE8B283A1B95A36 /* Pods_RubyTranslator.framework */ = {isa = PBXFileReference; explicitFileType = wrapper.framework; includeInIndex = 0; path = Pods_RubyTranslator.framework; sourceTree = BUILT_PRODUCTS_DIR; };
/* End PBXFileReference section */

/* Begin PBXFrameworksBuildPhase section */
		5A6EBCC0242513EA00095054 /* Frameworks */ = {
			isa = PBXFrameworksBuildPhase;
			buildActionMask = 2147483647;
			files = (
				6F11973D5FB0E1EAC650A918 /* Pods_RubyTranslatorTests.framework in Frameworks */,
			);
			runOnlyForDeploymentPostprocessing = 0;
		};
		5AC8DC1B241CC59400AE1493 /* Frameworks */ = {
			isa = PBXFrameworksBuildPhase;
			buildActionMask = 2147483647;
			files = (
				6BE1F7ABC17D594575E6B2CA /* Pods_RubyTranslator.framework in Frameworks */,
			);
			runOnlyForDeploymentPostprocessing = 0;
		};
/* End PBXFrameworksBuildPhase section */

/* Begin PBXGroup section */
		5A099F4A241CD00D001459A3 /* Frameworks */ = {
			isa = PBXGroup;
			children = (
				FB08D799CAE8B283A1B95A36 /* Pods_RubyTranslator.framework */,
				4B047314FEBBAA455DE7EA22 /* Pods_RubyTranslatorTests.framework */,
			);
			name = Frameworks;
			sourceTree = "<group>";
		};
		5A410C2C241D478A004FF794 /* InputView */ = {
			isa = PBXGroup;
			children = (
				5AC8DC25241CC59400AE1493 /* InputViewController.swift */,
				5AFD66DB241E1D3000E1E2AF /* InputViewModel.swift */,
				5AC8DC27241CC59400AE1493 /* Input.storyboard */,
			);
			path = InputView;
			sourceTree = "<group>";
		};
		5A6EBCC4242513EA00095054 /* RubyTranslatorTests */ = {
			isa = PBXGroup;
			children = (
				5A9C33D72425179D007A05D2 /* API */,
				5A9C33DC24251813007A05D2 /* Json */,
				5A9C33D9242517E0007A05D2 /* Utility */,
				5A6EBCC5242513EA00095054 /* RubyTranslatorTests.swift */,
				5A6EBCC7242513EA00095054 /* Info.plist */,
			);
			path = RubyTranslatorTests;
			sourceTree = "<group>";
		};
		5A849AD82426847C00D78E28 /* Resource */ = {
			isa = PBXGroup;
			children = (
				5A849AD62426847300D78E28 /* Localizable.strings */,
			);
			path = Resource;
			sourceTree = "<group>";
		};
		5A9C33D72425179D007A05D2 /* API */ = {
			isa = PBXGroup;
			children = (
				5A9C33E1242518F5007A05D2 /* ApiTests.swift */,
			);
			path = API;
			sourceTree = "<group>";
		};
		5A9C33D9242517E0007A05D2 /* Utility */ = {
			isa = PBXGroup;
			children = (
				5A9C33DA242517FB007A05D2 /* TestUtil.swift */,
			);
			path = Utility;
			sourceTree = "<group>";
		};
		5A9C33DC24251813007A05D2 /* Json */ = {
			isa = PBXGroup;
			children = (
				5A9C33DD2425185F007A05D2 /* Normal.json */,
				5A9C33DF2425188C007A05D2 /* Error.json */,
			);
			path = Json;
			sourceTree = "<group>";
		};
		5AAE8F32241F17E900863028 /* OutputView */ = {
			isa = PBXGroup;
			children = (
				5AAE8F33241F180600863028 /* OutputViewController.swift */,
				5AAE8F37241F190900863028 /* Output.storyboard */,
			);
			path = OutputView;
			sourceTree = "<group>";
		};
		5AC8DC15241CC59400AE1493 = {
			isa = PBXGroup;
			children = (
				5A849AD4242680B700D78E28 /* R.generated.swift */,
				5AC8DC20241CC59400AE1493 /* RubyTranslator */,
				5A6EBCC4242513EA00095054 /* RubyTranslatorTests */,
				5AC8DC1F241CC59400AE1493 /* Products */,
				5A099F4A241CD00D001459A3 /* Frameworks */,
				7ACCD50D28DB01EA104321BB /* Pods */,
			);
			sourceTree = "<group>";
		};
		5AC8DC1F241CC59400AE1493 /* Products */ = {
			isa = PBXGroup;
			children = (
				5AC8DC1E241CC59400AE1493 /* RubyTranslator.app */,
				5A6EBCC3242513EA00095054 /* RubyTranslatorTests.xctest */,
			);
			name = Products;
			sourceTree = "<group>";
		};
		5AC8DC20241CC59400AE1493 /* RubyTranslator */ = {
			isa = PBXGroup;
			children = (
				5AC8DC21241CC59400AE1493 /* AppDelegate.swift */,
				5AC8DC23241CC59400AE1493 /* SceneDelegate.swift */,
				5AFD66E7241E2F3800E1E2AF /* Presentation */,
				5AFD66DD241E20BD00E1E2AF /* Model */,
				5AFD66E2241E22D500E1E2AF /* Networking */,
				5A849AD82426847C00D78E28 /* Resource */,
				5AC8DC2A241CC59500AE1493 /* Assets.xcassets */,
				5AC8DC2C241CC59500AE1493 /* LaunchScreen.storyboard */,
				5AC8DC2F241CC59500AE1493 /* Info.plist */,
				5A36D7B6241E3FE300C12CC9 /* Environment.swift */,
			);
			path = RubyTranslator;
			sourceTree = "<group>";
		};
		5AFD66DD241E20BD00E1E2AF /* Model */ = {
			isa = PBXGroup;
			children = (
				5AFD66DE241E20F600E1E2AF /* InputModel.swift */,
				5AFD66E0241E210100E1E2AF /* OutputModel.swift */,
				5AFD66E5241E25D000E1E2AF /* APIErrorModel.swift */,
			);
			path = Model;
			sourceTree = "<group>";
		};
		5AFD66E2241E22D500E1E2AF /* Networking */ = {
			isa = PBXGroup;
			children = (
				5AFD66E3241E232C00E1E2AF /* APIResponse.swift */,
				5A1FD713241E85F7001BE5C1 /* APIRequestProtocol.swift */,
				5A1FD715241E93A2001BE5C1 /* APIRequest.swift */,
				5A1FD717241E972A001BE5C1 /* APIResult.swift */,
				5A1FD719241E9770001BE5C1 /* APIClient.swift */,
			);
			path = Networking;
			sourceTree = "<group>";
		};
		5AFD66E7241E2F3800E1E2AF /* Presentation */ = {
			isa = PBXGroup;
			children = (
				5A410C2C241D478A004FF794 /* InputView */,
				5AAE8F32241F17E900863028 /* OutputView */,
				5AFD66E8241E30E000E1E2AF /* HUD.swift */,
				5AFC2EF02423EF4500586C70 /* PlaceHolderTextView.swift */,
			);
			path = Presentation;
			sourceTree = "<group>";
		};
		7ACCD50D28DB01EA104321BB /* Pods */ = {
			isa = PBXGroup;
			children = (
				3747B1A66483C980459B39C6 /* Pods-RubyTranslator.debug.xcconfig */,
				550D3689DBA98706F97C6761 /* Pods-RubyTranslator.release.xcconfig */,
				93F6CD33F334FA6C21ABBD91 /* Pods-RubyTranslatorTests.debug.xcconfig */,
				81F42F1782BD9CB6B966BD5B /* Pods-RubyTranslatorTests.release.xcconfig */,
			);
			path = Pods;
			sourceTree = "<group>";
		};
/* End PBXGroup section */

/* Begin PBXNativeTarget section */
		5A6EBCC2242513EA00095054 /* RubyTranslatorTests */ = {
			isa = PBXNativeTarget;
			buildConfigurationList = 5A6EBCCA242513EA00095054 /* Build configuration list for PBXNativeTarget "RubyTranslatorTests" */;
			buildPhases = (
				6A54B20A65E9790BD1EC41B4 /* [CP] Check Pods Manifest.lock */,
				5A6EBCBF242513EA00095054 /* Sources */,
				5A6EBCC0242513EA00095054 /* Frameworks */,
				5A6EBCC1242513EA00095054 /* Resources */,
				75C08B6ABD7282900F2D943F /* [CP] Embed Pods Frameworks */,
			);
			buildRules = (
			);
			dependencies = (
				5A6EBCC9242513EA00095054 /* PBXTargetDependency */,
			);
			name = RubyTranslatorTests;
			productName = RubyTranslatorTests;
			productReference = 5A6EBCC3242513EA00095054 /* RubyTranslatorTests.xctest */;
			productType = "com.apple.product-type.bundle.unit-test";
		};
		5AC8DC1D241CC59400AE1493 /* RubyTranslator */ = {
			isa = PBXNativeTarget;
			buildConfigurationList = 5AC8DC32241CC59500AE1493 /* Build configuration list for PBXNativeTarget "RubyTranslator" */;
			buildPhases = (
				05F1578743C94410426F9094 /* [CP] Check Pods Manifest.lock */,
				5A849AD32426803300D78E28 /* ShellScript */,
				5AC8DC1A241CC59400AE1493 /* Sources */,
				5AC8DC1B241CC59400AE1493 /* Frameworks */,
				5AC8DC1C241CC59400AE1493 /* Resources */,
				5A6B48FC241CE9C10045C690 /* Embed Frameworks */,
				62C3BFACBB05DD87FA8D3809 /* [CP] Embed Pods Frameworks */,
			);
			buildRules = (
			);
			dependencies = (
			);
			name = RubyTranslator;
			productName = RubyTranslator;
			productReference = 5AC8DC1E241CC59400AE1493 /* RubyTranslator.app */;
			productType = "com.apple.product-type.application";
		};
/* End PBXNativeTarget section */

/* Begin PBXProject section */
		5AC8DC16241CC59400AE1493 /* Project object */ = {
			isa = PBXProject;
			attributes = {
				LastSwiftUpdateCheck = 1130;
				LastUpgradeCheck = 1130;
				ORGANIZATIONNAME = ytakano;
				TargetAttributes = {
					5A6EBCC2242513EA00095054 = {
						CreatedOnToolsVersion = 11.3.1;
						TestTargetID = 5AC8DC1D241CC59400AE1493;
					};
					5AC8DC1D241CC59400AE1493 = {
						CreatedOnToolsVersion = 11.3.1;
					};
				};
			};
			buildConfigurationList = 5AC8DC19241CC59400AE1493 /* Build configuration list for PBXProject "RubyTranslator" */;
			compatibilityVersion = "Xcode 9.3";
			developmentRegion = en;
			hasScannedForEncodings = 0;
			knownRegions = (
				en,
				Base,
			);
			mainGroup = 5AC8DC15241CC59400AE1493;
			productRefGroup = 5AC8DC1F241CC59400AE1493 /* Products */;
			projectDirPath = "";
			projectRoot = "";
			targets = (
				5AC8DC1D241CC59400AE1493 /* RubyTranslator */,
				5A6EBCC2242513EA00095054 /* RubyTranslatorTests */,
			);
		};
/* End PBXProject section */

/* Begin PBXResourcesBuildPhase section */
		5A6EBCC1242513EA00095054 /* Resources */ = {
			isa = PBXResourcesBuildPhase;
			buildActionMask = 2147483647;
			files = (
				5A9C33E02425188C007A05D2 /* Error.json in Resources */,
				5A9C33DE2425185F007A05D2 /* Normal.json in Resources */,
			);
			runOnlyForDeploymentPostprocessing = 0;
		};
		5AC8DC1C241CC59400AE1493 /* Resources */ = {
			isa = PBXResourcesBuildPhase;
			buildActionMask = 2147483647;
			files = (
				5A849AD72426847300D78E28 /* Localizable.strings in Resources */,
				5AAE8F38241F190900863028 /* Output.storyboard in Resources */,
				5AC8DC2E241CC59500AE1493 /* LaunchScreen.storyboard in Resources */,
				5AC8DC2B241CC59500AE1493 /* Assets.xcassets in Resources */,
				5AC8DC29241CC59400AE1493 /* Input.storyboard in Resources */,
			);
			runOnlyForDeploymentPostprocessing = 0;
		};
/* End PBXResourcesBuildPhase section */

/* Begin PBXShellScriptBuildPhase section */
		05F1578743C94410426F9094 /* [CP] Check Pods Manifest.lock */ = {
			isa = PBXShellScriptBuildPhase;
			buildActionMask = 2147483647;
			files = (
			);
			inputFileListPaths = (
			);
			inputPaths = (
				"${PODS_PODFILE_DIR_PATH}/Podfile.lock",
				"${PODS_ROOT}/Manifest.lock",
			);
			name = "[CP] Check Pods Manifest.lock";
			outputFileListPaths = (
			);
			outputPaths = (
				"$(DERIVED_FILE_DIR)/Pods-RubyTranslator-checkManifestLockResult.txt",
			);
			runOnlyForDeploymentPostprocessing = 0;
			shellPath = /bin/sh;
			shellScript = "diff \"${PODS_PODFILE_DIR_PATH}/Podfile.lock\" \"${PODS_ROOT}/Manifest.lock\" > /dev/null\nif [ $? != 0 ] ; then\n    # print error to STDERR\n    echo \"error: The sandbox is not in sync with the Podfile.lock. Run 'pod install' or update your CocoaPods installation.\" >&2\n    exit 1\nfi\n# This output is used by Xcode 'outputs' to avoid re-running this script phase.\necho \"SUCCESS\" > \"${SCRIPT_OUTPUT_FILE_0}\"\n";
			showEnvVarsInLog = 0;
		};
		5A849AD32426803300D78E28 /* ShellScript */ = {
			isa = PBXShellScriptBuildPhase;
			buildActionMask = 2147483647;
			files = (
			);
			inputFileListPaths = (
			);
			inputPaths = (
				"$TEMP_DIR/rswift-lastrun",
			);
			outputFileListPaths = (
			);
			outputPaths = (
				$SRCROOT/R.generated.swift,
			);
			runOnlyForDeploymentPostprocessing = 0;
			shellPath = /bin/sh;
			shellScript = "\"$PODS_ROOT/R.swift/rswift\" generate \"$SRCROOT/R.generated.swift\"\n";
		};
		62C3BFACBB05DD87FA8D3809 /* [CP] Embed Pods Frameworks */ = {
			isa = PBXShellScriptBuildPhase;
			buildActionMask = 2147483647;
			files = (
			);
			inputFileListPaths = (
				"${PODS_ROOT}/Target Support Files/Pods-RubyTranslator/Pods-RubyTranslator-frameworks-${CONFIGURATION}-input-files.xcfilelist",
			);
			name = "[CP] Embed Pods Frameworks";
			outputFileListPaths = (
				"${PODS_ROOT}/Target Support Files/Pods-RubyTranslator/Pods-RubyTranslator-frameworks-${CONFIGURATION}-output-files.xcfilelist",
			);
			runOnlyForDeploymentPostprocessing = 0;
			shellPath = /bin/sh;
			shellScript = "\"${PODS_ROOT}/Target Support Files/Pods-RubyTranslator/Pods-RubyTranslator-frameworks.sh\"\n";
			showEnvVarsInLog = 0;
		};
		6A54B20A65E9790BD1EC41B4 /* [CP] Check Pods Manifest.lock */ = {
			isa = PBXShellScriptBuildPhase;
			buildActionMask = 2147483647;
			files = (
			);
			inputFileListPaths = (
			);
			inputPaths = (
				"${PODS_PODFILE_DIR_PATH}/Podfile.lock",
				"${PODS_ROOT}/Manifest.lock",
			);
			name = "[CP] Check Pods Manifest.lock";
			outputFileListPaths = (
			);
			outputPaths = (
				"$(DERIVED_FILE_DIR)/Pods-RubyTranslatorTests-checkManifestLockResult.txt",
			);
			runOnlyForDeploymentPostprocessing = 0;
			shellPath = /bin/sh;
			shellScript = "diff \"${PODS_PODFILE_DIR_PATH}/Podfile.lock\" \"${PODS_ROOT}/Manifest.lock\" > /dev/null\nif [ $? != 0 ] ; then\n    # print error to STDERR\n    echo \"error: The sandbox is not in sync with the Podfile.lock. Run 'pod install' or update your CocoaPods installation.\" >&2\n    exit 1\nfi\n# This output is used by Xcode 'outputs' to avoid re-running this script phase.\necho \"SUCCESS\" > \"${SCRIPT_OUTPUT_FILE_0}\"\n";
			showEnvVarsInLog = 0;
		};
		75C08B6ABD7282900F2D943F /* [CP] Embed Pods Frameworks */ = {
			isa = PBXShellScriptBuildPhase;
			buildActionMask = 2147483647;
			files = (
			);
			inputFileListPaths = (
				"${PODS_ROOT}/Target Support Files/Pods-RubyTranslatorTests/Pods-RubyTranslatorTests-frameworks-${CONFIGURATION}-input-files.xcfilelist",
			);
			name = "[CP] Embed Pods Frameworks";
			outputFileListPaths = (
				"${PODS_ROOT}/Target Support Files/Pods-RubyTranslatorTests/Pods-RubyTranslatorTests-frameworks-${CONFIGURATION}-output-files.xcfilelist",
			);
			runOnlyForDeploymentPostprocessing = 0;
			shellPath = /bin/sh;
			shellScript = "\"${PODS_ROOT}/Target Support Files/Pods-RubyTranslatorTests/Pods-RubyTranslatorTests-frameworks.sh\"\n";
			showEnvVarsInLog = 0;
		};
/* End PBXShellScriptBuildPhase section */

/* Begin PBXSourcesBuildPhase section */
		5A6EBCBF242513EA00095054 /* Sources */ = {
			isa = PBXSourcesBuildPhase;
			buildActionMask = 2147483647;
			files = (
				5A6EBCC6242513EA00095054 /* RubyTranslatorTests.swift in Sources */,
				5A9C33E2242518F5007A05D2 /* ApiTests.swift in Sources */,
				5A9C33DB242517FB007A05D2 /* TestUtil.swift in Sources */,
			);
			runOnlyForDeploymentPostprocessing = 0;
		};
		5AC8DC1A241CC59400AE1493 /* Sources */ = {
			isa = PBXSourcesBuildPhase;
			buildActionMask = 2147483647;
			files = (
				5AFD66E4241E232C00E1E2AF /* APIResponse.swift in Sources */,
				5A1FD71A241E9770001BE5C1 /* APIClient.swift in Sources */,
				5AC8DC26241CC59400AE1493 /* InputViewController.swift in Sources */,
				5AFD66DF241E20F600E1E2AF /* InputModel.swift in Sources */,
				5A1FD718241E972A001BE5C1 /* APIResult.swift in Sources */,
				5AFD66E6241E25D000E1E2AF /* APIErrorModel.swift in Sources */,
				5A1FD714241E85F7001BE5C1 /* APIRequestProtocol.swift in Sources */,
				5AFC2EF12423EF4500586C70 /* PlaceHolderTextView.swift in Sources */,
				5A849AD5242680B700D78E28 /* R.generated.swift in Sources */,
				5AFD66E9241E30E000E1E2AF /* HUD.swift in Sources */,
				5AFD66E1241E210100E1E2AF /* OutputModel.swift in Sources */,
				5AC8DC22241CC59400AE1493 /* AppDelegate.swift in Sources */,
				5AAE8F34241F180600863028 /* OutputViewController.swift in Sources */,
				5AC8DC24241CC59400AE1493 /* SceneDelegate.swift in Sources */,
				5AFD66DC241E1D3000E1E2AF /* InputViewModel.swift in Sources */,
				5A1FD716241E93A2001BE5C1 /* APIRequest.swift in Sources */,
				5A36D7B7241E3FE300C12CC9 /* Environment.swift in Sources */,
			);
			runOnlyForDeploymentPostprocessing = 0;
		};
/* End PBXSourcesBuildPhase section */

/* Begin PBXTargetDependency section */
		5A6EBCC9242513EA00095054 /* PBXTargetDependency */ = {
			isa = PBXTargetDependency;
			target = 5AC8DC1D241CC59400AE1493 /* RubyTranslator */;
			targetProxy = 5A6EBCC8242513EA00095054 /* PBXContainerItemProxy */;
		};
/* End PBXTargetDependency section */

/* Begin PBXVariantGroup section */
		5AC8DC27241CC59400AE1493 /* Input.storyboard */ = {
			isa = PBXVariantGroup;
			children = (
				5AC8DC28241CC59400AE1493 /* Base */,
			);
			name = Input.storyboard;
			sourceTree = "<group>";
		};
		5AC8DC2C241CC59500AE1493 /* LaunchScreen.storyboard */ = {
			isa = PBXVariantGroup;
			children = (
				5AC8DC2D241CC59500AE1493 /* Base */,
			);
			name = LaunchScreen.storyboard;
			sourceTree = "<group>";
		};
/* End PBXVariantGroup section */

/* Begin XCBuildConfiguration section */
		5A6EBCCB242513EA00095054 /* Debug */ = {
			isa = XCBuildConfiguration;
			baseConfigurationReference = 93F6CD33F334FA6C21ABBD91 /* Pods-RubyTranslatorTests.debug.xcconfig */;
			buildSettings = {
				BUNDLE_LOADER = "$(TEST_HOST)";
				CODE_SIGN_STYLE = Automatic;
				INFOPLIST_FILE = RubyTranslatorTests/Info.plist;
				LD_RUNPATH_SEARCH_PATHS = (
					"$(inherited)",
					"@executable_path/Frameworks",
					"@loader_path/Frameworks",
				);
				PRODUCT_BUNDLE_IDENTIFIER = ytakano.sample.RubyTranslatorTests;
				PRODUCT_NAME = "$(TARGET_NAME)";
				SWIFT_VERSION = 5.0;
				TARGETED_DEVICE_FAMILY = "1,2";
				TEST_HOST = "$(BUILT_PRODUCTS_DIR)/RubyTranslator.app/RubyTranslator";
			};
			name = Debug;
		};
		5A6EBCCC242513EA00095054 /* Release */ = {
			isa = XCBuildConfiguration;
			baseConfigurationReference = 81F42F1782BD9CB6B966BD5B /* Pods-RubyTranslatorTests.release.xcconfig */;
			buildSettings = {
				BUNDLE_LOADER = "$(TEST_HOST)";
				CODE_SIGN_STYLE = Automatic;
				INFOPLIST_FILE = RubyTranslatorTests/Info.plist;
				LD_RUNPATH_SEARCH_PATHS = (
					"$(inherited)",
					"@executable_path/Frameworks",
					"@loader_path/Frameworks",
				);
				PRODUCT_BUNDLE_IDENTIFIER = ytakano.sample.RubyTranslatorTests;
				PRODUCT_NAME = "$(TARGET_NAME)";
				SWIFT_VERSION = 5.0;
				TARGETED_DEVICE_FAMILY = "1,2";
				TEST_HOST = "$(BUILT_PRODUCTS_DIR)/RubyTranslator.app/RubyTranslator";
			};
			name = Release;
		};
		5AC8DC30241CC59500AE1493 /* Debug */ = {
			isa = XCBuildConfiguration;
			buildSettings = {
				ALWAYS_SEARCH_USER_PATHS = NO;
				CLANG_ANALYZER_NONNULL = YES;
				CLANG_ANALYZER_NUMBER_OBJECT_CONVERSION = YES_AGGRESSIVE;
				CLANG_CXX_LANGUAGE_STANDARD = "gnu++14";
				CLANG_CXX_LIBRARY = "libc++";
				CLANG_ENABLE_MODULES = YES;
				CLANG_ENABLE_OBJC_ARC = YES;
				CLANG_ENABLE_OBJC_WEAK = YES;
				CLANG_WARN_BLOCK_CAPTURE_AUTORELEASING = YES;
				CLANG_WARN_BOOL_CONVERSION = YES;
				CLANG_WARN_COMMA = YES;
				CLANG_WARN_CONSTANT_CONVERSION = YES;
				CLANG_WARN_DEPRECATED_OBJC_IMPLEMENTATIONS = YES;
				CLANG_WARN_DIRECT_OBJC_ISA_USAGE = YES_ERROR;
				CLANG_WARN_DOCUMENTATION_COMMENTS = YES;
				CLANG_WARN_EMPTY_BODY = YES;
				CLANG_WARN_ENUM_CONVERSION = YES;
				CLANG_WARN_INFINITE_RECURSION = YES;
				CLANG_WARN_INT_CONVERSION = YES;
				CLANG_WARN_NON_LITERAL_NULL_CONVERSION = YES;
				CLANG_WARN_OBJC_IMPLICIT_RETAIN_SELF = YES;
				CLANG_WARN_OBJC_LITERAL_CONVERSION = YES;
				CLANG_WARN_OBJC_ROOT_CLASS = YES_ERROR;
				CLANG_WARN_RANGE_LOOP_ANALYSIS = YES;
				CLANG_WARN_STRICT_PROTOTYPES = YES;
				CLANG_WARN_SUSPICIOUS_MOVE = YES;
				CLANG_WARN_UNGUARDED_AVAILABILITY = YES_AGGRESSIVE;
				CLANG_WARN_UNREACHABLE_CODE = YES;
				CLANG_WARN__DUPLICATE_METHOD_MATCH = YES;
				COPY_PHASE_STRIP = NO;
				DEBUG_INFORMATION_FORMAT = dwarf;
				ENABLE_STRICT_OBJC_MSGSEND = YES;
				ENABLE_TESTABILITY = YES;
				GCC_C_LANGUAGE_STANDARD = gnu11;
				GCC_DYNAMIC_NO_PIC = NO;
				GCC_NO_COMMON_BLOCKS = YES;
				GCC_OPTIMIZATION_LEVEL = 0;
				GCC_PREPROCESSOR_DEFINITIONS = (
					"DEBUG=1",
					"$(inherited)",
				);
				GCC_WARN_64_TO_32_BIT_CONVERSION = YES;
				GCC_WARN_ABOUT_RETURN_TYPE = YES_ERROR;
				GCC_WARN_UNDECLARED_SELECTOR = YES;
				GCC_WARN_UNINITIALIZED_AUTOS = YES_AGGRESSIVE;
				GCC_WARN_UNUSED_FUNCTION = YES;
				GCC_WARN_UNUSED_VARIABLE = YES;
				IPHONEOS_DEPLOYMENT_TARGET = 13.2;
				MTL_ENABLE_DEBUG_INFO = INCLUDE_SOURCE;
				MTL_FAST_MATH = YES;
				ONLY_ACTIVE_ARCH = YES;
				SDKROOT = iphoneos;
				SWIFT_ACTIVE_COMPILATION_CONDITIONS = DEBUG;
				SWIFT_OPTIMIZATION_LEVEL = "-Onone";
			};
			name = Debug;
		};
		5AC8DC31241CC59500AE1493 /* Release */ = {
			isa = XCBuildConfiguration;
			buildSettings = {
				ALWAYS_SEARCH_USER_PATHS = NO;
				CLANG_ANALYZER_NONNULL = YES;
				CLANG_ANALYZER_NUMBER_OBJECT_CONVERSION = YES_AGGRESSIVE;
				CLANG_CXX_LANGUAGE_STANDARD = "gnu++14";
				CLANG_CXX_LIBRARY = "libc++";
				CLANG_ENABLE_MODULES = YES;
				CLANG_ENABLE_OBJC_ARC = YES;
				CLANG_ENABLE_OBJC_WEAK = YES;
				CLANG_WARN_BLOCK_CAPTURE_AUTORELEASING = YES;
				CLANG_WARN_BOOL_CONVERSION = YES;
				CLANG_WARN_COMMA = YES;
				CLANG_WARN_CONSTANT_CONVERSION = YES;
				CLANG_WARN_DEPRECATED_OBJC_IMPLEMENTATIONS = YES;
				CLANG_WARN_DIRECT_OBJC_ISA_USAGE = YES_ERROR;
				CLANG_WARN_DOCUMENTATION_COMMENTS = YES;
				CLANG_WARN_EMPTY_BODY = YES;
				CLANG_WARN_ENUM_CONVERSION = YES;
				CLANG_WARN_INFINITE_RECURSION = YES;
				CLANG_WARN_INT_CONVERSION = YES;
				CLANG_WARN_NON_LITERAL_NULL_CONVERSION = YES;
				CLANG_WARN_OBJC_IMPLICIT_RETAIN_SELF = YES;
				CLANG_WARN_OBJC_LITERAL_CONVERSION = YES;
				CLANG_WARN_OBJC_ROOT_CLASS = YES_ERROR;
				CLANG_WARN_RANGE_LOOP_ANALYSIS = YES;
				CLANG_WARN_STRICT_PROTOTYPES = YES;
				CLANG_WARN_SUSPICIOUS_MOVE = YES;
				CLANG_WARN_UNGUARDED_AVAILABILITY = YES_AGGRESSIVE;
				CLANG_WARN_UNREACHABLE_CODE = YES;
				CLANG_WARN__DUPLICATE_METHOD_MATCH = YES;
				COPY_PHASE_STRIP = NO;
				DEBUG_INFORMATION_FORMAT = "dwarf-with-dsym";
				ENABLE_NS_ASSERTIONS = NO;
				ENABLE_STRICT_OBJC_MSGSEND = YES;
				GCC_C_LANGUAGE_STANDARD = gnu11;
				GCC_NO_COMMON_BLOCKS = YES;
				GCC_WARN_64_TO_32_BIT_CONVERSION = YES;
				GCC_WARN_ABOUT_RETURN_TYPE = YES_ERROR;
				GCC_WARN_UNDECLARED_SELECTOR = YES;
				GCC_WARN_UNINITIALIZED_AUTOS = YES_AGGRESSIVE;
				GCC_WARN_UNUSED_FUNCTION = YES;
				GCC_WARN_UNUSED_VARIABLE = YES;
				IPHONEOS_DEPLOYMENT_TARGET = 13.2;
				MTL_ENABLE_DEBUG_INFO = NO;
				MTL_FAST_MATH = YES;
				SDKROOT = iphoneos;
				SWIFT_COMPILATION_MODE = wholemodule;
				SWIFT_OPTIMIZATION_LEVEL = "-O";
				VALIDATE_PRODUCT = YES;
			};
			name = Release;
		};
		5AC8DC33241CC59500AE1493 /* Debug */ = {
			isa = XCBuildConfiguration;
			baseConfigurationReference = 3747B1A66483C980459B39C6 /* Pods-RubyTranslator.debug.xcconfig */;
			buildSettings = {
				ASSETCATALOG_COMPILER_APPICON_NAME = AppIcon;
				CODE_SIGN_STYLE = Automatic;
				DEFINES_MODULE = YES;
				FRAMEWORK_SEARCH_PATHS = (
					"$(inherited)",
					"$(PROJECT_DIR)/Carthage/Build/iOS",
				);
				INFOPLIST_FILE = RubyTranslator/Info.plist;
				LD_RUNPATH_SEARCH_PATHS = (
					"$(inherited)",
					"@executable_path/Frameworks",
				);
				PRODUCT_BUNDLE_IDENTIFIER = ytakano.sample.RubyTranslator;
				PRODUCT_NAME = "$(TARGET_NAME)";
				SWIFT_VERSION = 5.0;
				TARGETED_DEVICE_FAMILY = "1,2";
			};
			name = Debug;
		};
		5AC8DC34241CC59500AE1493 /* Release */ = {
			isa = XCBuildConfiguration;
			baseConfigurationReference = 550D3689DBA98706F97C6761 /* Pods-RubyTranslator.release.xcconfig */;
			buildSettings = {
				ASSETCATALOG_COMPILER_APPICON_NAME = AppIcon;
				CODE_SIGN_STYLE = Automatic;
				DEFINES_MODULE = YES;
				FRAMEWORK_SEARCH_PATHS = (
					"$(inherited)",
					"$(PROJECT_DIR)/Carthage/Build/iOS",
				);
				INFOPLIST_FILE = RubyTranslator/Info.plist;
				LD_RUNPATH_SEARCH_PATHS = (
					"$(inherited)",
					"@executable_path/Frameworks",
				);
				PRODUCT_BUNDLE_IDENTIFIER = ytakano.sample.RubyTranslator;
				PRODUCT_NAME = "$(TARGET_NAME)";
				SWIFT_VERSION = 5.0;
				TARGETED_DEVICE_FAMILY = "1,2";
			};
			name = Release;
		};
/* End XCBuildConfiguration section */

/* Begin XCConfigurationList section */
		5A6EBCCA242513EA00095054 /* Build configuration list for PBXNativeTarget "RubyTranslatorTests" */ = {
			isa = XCConfigurationList;
			buildConfigurations = (
				5A6EBCCB242513EA00095054 /* Debug */,
				5A6EBCCC242513EA00095054 /* Release */,
			);
			defaultConfigurationIsVisible = 0;
			defaultConfigurationName = Release;
		};
		5AC8DC19241CC59400AE1493 /* Build configuration list for PBXProject "RubyTranslator" */ = {
			isa = XCConfigurationList;
			buildConfigurations = (
				5AC8DC30241CC59500AE1493 /* Debug */,
				5AC8DC31241CC59500AE1493 /* Release */,
			);
			defaultConfigurationIsVisible = 0;
			defaultConfigurationName = Release;
		};
		5AC8DC32241CC59500AE1493 /* Build configuration list for PBXNativeTarget "RubyTranslator" */ = {
			isa = XCConfigurationList;
			buildConfigurations = (
				5AC8DC33241CC59500AE1493 /* Debug */,
				5AC8DC34241CC59500AE1493 /* Release */,
			);
			defaultConfigurationIsVisible = 0;
			defaultConfigurationName = Release;
		};
/* End XCConfigurationList section */
	};
	rootObject = 5AC8DC16241CC59400AE1493 /* Project object */;
}
